
Microsoft Visual Studio Solution File, Format Version 12.00
# Visual Studio Version 17
VisualStudioVersion = 17.4.33213.308
MinimumVisualStudioVersion = 10.0.40219.1
Project("{FAE04EC0-301F-11D3-BF4B-00C04F79EFBC}") = "StringFunctions", "StringFunctions\StringFunctions.csproj", "{1130C52B-C393-4AD1-81D7-84A10E8E5C54}"
EndProject
Global
	GlobalSection(SolutionConfigurationPlatforms) = preSolution
		Debug|Any CPU = Debug|Any CPU
		Release|Any CPU = Release|Any CPU
	EndGlobalSection
	GlobalSection(ProjectConfigurationPlatforms) = postSolution
		{1130C52B-C393-4AD1-81D7-84A10E8E5C54}.Debug|Any CPU.ActiveCfg = Debug|Any CPU
		{1130C52B-C393-4AD1-81D7-84A10E8E5C54}.Debug|Any CPU.Build.0 = Debug|Any CPU
		{1130C52B-C393-4AD1-81D7-84A10E8E5C54}.Release|Any CPU.ActiveCfg = Release|Any CPU
		{1130C52B-C393-4AD1-81D7-84A10E8E5C54}.Release|Any CPU.Build.0 = Release|Any CPU
	EndGlobalSection
	GlobalSection(SolutionProperties) = preSolution
		HideSolutionNode = FALSE
	EndGlobalSection
	GlobalSection(ExtensibilityGlobals) = postSolution
		SolutionGuid = {ABB1FA9D-EA81-4AE2-8A18-361A4A56E24C}
	EndGlobalSection
EndGlobal
